Microsoft Visual Studio Solution File, Format Version 12.00
# Visual Studio Version 18
VisualStudioVersion = 18.0.11222.15
MinimumVisualStudioVersion = 10.0.40219.1
Project("{2150E333-8FDC-42A3-9474-1A3956D46DE8}") = "_Solution Items", "_Solution Items", "{0181B4D3-D690-421E-8D92-A669529AC844}"
	ProjectSection(SolutionItems) = preProject
		SolutionInfo.proj = SolutionInfo.proj
	EndProjectSection
EndProject
Project("{FAE04EC0-301F-11D3-BF4B-00C04F79EFBC}") = "StatePipes", "StatePipes\StatePipes.csproj", "{076891BE-1599-4075-84F2-8128133C6AF6}"
EndProject
Project("{FAE04EC0-301F-11D3-BF4B-00C04F79EFBC}") = "StatePipes.Test", "StatePipes.Test\StatePipes.Test.csproj", "{7193283E-0AD7-4C0D-BFE2-6DB33FFF8193}"
EndProject
Project("{FAE04EC0-301F-11D3-BF4B-00C04F79EFBC}") = "StatePipes.ServiceCreatorTool", "StatePipes.ServiceCreatorTool\StatePipes.ServiceCreatorTool.csproj", "{6C912132-3BE7-4F2F-8696-7A504684EADE}"
EndProject
Project("{FAE04EC0-301F-11D3-BF4B-00C04F79EFBC}") = "StatePipes.Explorer", "StatePipes.Explorer\StatePipes.Explorer.csproj", "{33EC53FC-5CE4-4A56-B6D5-D30A55CA869A}"
EndProject
Project("{FAE04EC0-301F-11D3-BF4B-00C04F79EFBC}") = "StatePipes.ServiceCreatorToolSetup", "StatePipes.ServiceCreatorToolSetup\StatePipes.ServiceCreatorToolSetup.csproj", "{6B701AE3-11E7-4290-9607-537D8BF8614F}"
EndProject
Project("{FAE04EC0-301F-11D3-BF4B-00C04F79EFBC}") = "StatePipes.ServiceCreatorTool.Installer", "StatePipes.ServiceCreatorTool.Installer\StatePipes.ServiceCreatorTool.Installer.csproj", "{94FA9771-0ABD-47BE-9D1F-235B053A3786}"
EndProject
Project("{FAE04EC0-301F-11D3-BF4B-00C04F79EFBC}") = "StatePipes.Diagrammer", "StatePipes.Diagrammer\StatePipes.Diagrammer.csproj", "{7F92F757-7987-45A8-99BF-24F92574CC8F}"
EndProject
Global
	GlobalSection(SolutionConfigurationPlatforms) = preSolution
		All|Any CPU = All|Any CPU
		Debug|Any CPU = Debug|Any CPU
		Release|Any CPU = Release|Any CPU
	EndGlobalSection
	GlobalSection(ProjectConfigurationPlatforms) = postSolution
		{076891BE-1599-4075-84F2-8128133C6AF6}.All|Any CPU.ActiveCfg = Debug|Any CPU
		{076891BE-1599-4075-84F2-8128133C6AF6}.All|Any CPU.Build.0 = Debug|Any CPU
		{076891BE-1599-4075-84F2-8128133C6AF6}.Debug|Any CPU.ActiveCfg = Debug|Any CPU
		{076891BE-1599-4075-84F2-8128133C6AF6}.Debug|Any CPU.Build.0 = Debug|Any CPU
		{076891BE-1599-4075-84F2-8128133C6AF6}.Release|Any CPU.ActiveCfg = Release|Any CPU
		{076891BE-1599-4075-84F2-8128133C6AF6}.Release|Any CPU.Build.0 = Release|Any CPU
		{7193283E-0AD7-4C0D-BFE2-6DB33FFF8193}.All|Any CPU.ActiveCfg = Debug|Any CPU
		{7193283E-0AD7-4C0D-BFE2-6DB33FFF8193}.All|Any CPU.Build.0 = Debug|Any CPU
		{7193283E-0AD7-4C0D-BFE2-6DB33FFF8193}.Debug|Any CPU.ActiveCfg = Debug|Any CPU
		{7193283E-0AD7-4C0D-BFE2-6DB33FFF8193}.Debug|Any CPU.Build.0 = Debug|Any CPU
		{7193283E-0AD7-4C0D-BFE2-6DB33FFF8193}.Release|Any CPU.ActiveCfg = Release|Any CPU
		{7193283E-0AD7-4C0D-BFE2-6DB33FFF8193}.Release|Any CPU.Build.0 = Release|Any CPU
		{6C912132-3BE7-4F2F-8696-7A504684EADE}.All|Any CPU.ActiveCfg = Debug|Any CPU
		{6C912132-3BE7-4F2F-8696-7A504684EADE}.All|Any CPU.Build.0 = Debug|Any CPU
		{6C912132-3BE7-4F2F-8696-7A504684EADE}.Debug|Any CPU.ActiveCfg = Debug|Any CPU
		{6C912132-3BE7-4F2F-8696-7A504684EADE}.Debug|Any CPU.Build.0 = Debug|Any CPU
		{6C912132-3BE7-4F2F-8696-7A504684EADE}.Release|Any CPU.ActiveCfg = Release|Any CPU
		{6C912132-3BE7-4F2F-8696-7A504684EADE}.Release|Any CPU.Build.0 = Release|Any CPU
		{33EC53FC-5CE4-4A56-B6D5-D30A55CA869A}.All|Any CPU.ActiveCfg = Debug|Any CPU
		{33EC53FC-5CE4-4A56-B6D5-D30A55CA869A}.All|Any CPU.Build.0 = Debug|Any CPU
		{33EC53FC-5CE4-4A56-B6D5-D30A55CA869A}.Debug|Any CPU.ActiveCfg = Debug|Any CPU
		{33EC53FC-5CE4-4A56-B6D5-D30A55CA869A}.Debug|Any CPU.Build.0 = Debug|Any CPU
		{33EC53FC-5CE4-4A56-B6D5-D30A55CA869A}.Release|Any CPU.ActiveCfg = Release|Any CPU
		{33EC53FC-5CE4-4A56-B6D5-D30A55CA869A}.Release|Any CPU.Build.0 = Release|Any CPU
		{6B701AE3-11E7-4290-9607-537D8BF8614F}.All|Any CPU.ActiveCfg = Debug|Any CPU
		{6B701AE3-11E7-4290-9607-537D8BF8614F}.All|Any CPU.Build.0 = Debug|Any CPU
		{6B701AE3-11E7-4290-9607-537D8BF8614F}.Debug|Any CPU.ActiveCfg = Debug|Any CPU
		{6B701AE3-11E7-4290-9607-537D8BF8614F}.Debug|Any CPU.Build.0 = Debug|Any CPU
		{6B701AE3-11E7-4290-9607-537D8BF8614F}.Release|Any CPU.ActiveCfg = Release|Any CPU
		{6B701AE3-11E7-4290-9607-537D8BF8614F}.Release|Any CPU.Build.0 = Release|Any CPU
		{94FA9771-0ABD-47BE-9D1F-235B053A3786}.All|Any CPU.ActiveCfg = Debug|Any CPU
		{94FA9771-0ABD-47BE-9D1F-235B053A3786}.All|Any CPU.Build.0 = Debug|Any CPU
		{94FA9771-0ABD-47BE-9D1F-235B053A3786}.Debug|Any CPU.ActiveCfg = Debug|Any CPU
		{94FA9771-0ABD-47BE-9D1F-235B053A3786}.Debug|Any CPU.Build.0 = Debug|Any CPU
		{94FA9771-0ABD-47BE-9D1F-235B053A3786}.Release|Any CPU.ActiveCfg = Release|Any CPU
		{94FA9771-0ABD-47BE-9D1F-235B053A3786}.Release|Any CPU.Build.0 = Release|Any CPU
		{7F92F757-7987-45A8-99BF-24F92574CC8F}.All|Any CPU.ActiveCfg = Debug|Any CPU
		{7F92F757-7987-45A8-99BF-24F92574CC8F}.All|Any CPU.Build.0 = Debug|Any CPU
		{7F92F757-7987-45A8-99BF-24F92574CC8F}.Debug|Any CPU.ActiveCfg = Debug|Any CPU
		{7F92F757-7987-45A8-99BF-24F92574CC8F}.Debug|Any CPU.Build.0 = Debug|Any CPU
		{7F92F757-7987-45A8-99BF-24F92574CC8F}.Release|Any CPU.ActiveCfg = Release|Any CPU
		{7F92F757-7987-45A8-99BF-24F92574CC8F}.Release|Any CPU.Build.0 = Release|Any CPU
	EndGlobalSection
	GlobalSection(SolutionProperties) = preSolution
		HideSolutionNode = FALSE
	EndGlobalSection
	GlobalSection(ExtensibilityGlobals) = postSolution
		SolutionGuid = {23682e3d-6af1-4bf3-9b65-ec904a122d9b}
	EndGlobalSection
EndGlobal
